// !$*UTF8*$!
{
	archiveVersion = 1;
	classes = {
	};
	objectVersion = 46;
	objects = {

/* Begin PBXBuildFile section */
		2E38A9A419365D8800459FCB /* Foundation.framework in Frameworks */ = {isa = PBXBuildFile; fileRef = 2E38A9A319365D8800459FCB /* Foundation.framework */; };
		2E38A9A619365D8800459FCB /* CoreGraphics.framework in Frameworks */ = {isa = PBXBuildFile; fileRef = 2E38A9A519365D8800459FCB /* CoreGraphics.framework */; };
		2E38A9A819365D8800459FCB /* UIKit.framework in Frameworks */ = {isa = PBXBuildFile; fileRef = 2E38A9A719365D8800459FCB /* UIKit.framework */; };
		2E38A9AE19365D8800459FCB /* InfoPlist.strings in Resources */ = {isa = PBXBuildFile; fileRef = 2E38A9AC19365D8800459FCB /* InfoPlist.strings */; };
		2E38A9B019365D8800459FCB /* main.m in Sources */ = {isa = PBXBuildFile; fileRef = 2E38A9AF19365D8800459FCB /* main.m */; };
		2E38A9B419365D8800459FCB /* AppDelegate.m in Sources */ = {isa = PBXBuildFile; fileRef = 2E38A9B319365D8800459FCB /* AppDelegate.m */; };
		2E38A9B719365D8800459FCB /* Main.storyboard in Resources */ = {isa = PBXBuildFile; fileRef = 2E38A9B519365D8800459FCB /* Main.storyboard */; };
		2E38A9BA19365D8800459FCB /* ViewController.m in Sources */ = {isa = PBXBuildFile; fileRef = 2E38A9B919365D8800459FCB /* ViewController.m */; };
		2E38A9BC19365D8800459FCB /* Images.xcassets in Resources */ = {isa = PBXBuildFile; fileRef = 2E38A9BB19365D8800459FCB /* Images.xcassets */; };
		2E38A9C319365D8800459FCB /* XCTest.framework in Frameworks */ = {isa = PBXBuildFile; fileRef = 2E38A9C219365D8800459FCB /* XCTest.framework */; };
		2E38A9C419365D8800459FCB /* Foundation.framework in Frameworks */ = {isa = PBXBuildFile; fileRef = 2E38A9A319365D8800459FCB /* Foundation.framework */; };
		2E38A9C519365D8800459FCB /* UIKit.framework in Frameworks */ = {isa = PBXBuildFile; fileRef = 2E38A9A719365D8800459FCB /* UIKit.framework */; };
		2E38A9CD19365D8800459FCB /* InfoPlist.strings in Resources */ = {isa = PBXBuildFile; fileRef = 2E38A9CB19365D8800459FCB /* InfoPlist.strings */; };
		2E38A9CF19365D8800459FCB /* GetOnThatBusTests.m in Sources */ = {isa = PBXBuildFile; fileRef = 2E38A9CE19365D8800459FCB /* GetOnThatBusTests.m */; };
/* End PBXBuildFile section */

/* Begin PBXContainerItemProxy section */
		2E38A9C619365D8800459FCB /* PBXContainerItemProxy */ = {
			isa = PBXContainerItemProxy;
			containerPortal = 2E38A99819365D8800459FCB /* Project object */;
			proxyType = 1;
			remoteGlobalIDString = 2E38A99F19365D8800459FCB;
			remoteInfo = GetOnThatBus;
		};
/* End PBXContainerItemProxy section */

/* Begin PBXFileReference section */
		2E38A9A019365D8800459FCB /* GetOnThatBus.app */ = {isa = PBXFileReference; explicitFileType = wrapper.application; includeInIndex = 0; path = GetOnThatBus.app; sourceTree = BUILT_PRODUCTS_DIR; };
		2E38A9A319365D8800459FCB /* Foundation.framework */ = {isa = PBXFileReference; lastKnownFileType = wrapper.framework; name = Foundation.framework; path = System/Library/Frameworks/Foundation.framework; sourceTree = SDKROOT; };
		2E38A9A519365D8800459FCB /* CoreGraphics.framework */ = {isa = PBXFileReference; lastKnownFileType = wrapper.framework; name = CoreGraphics.framework; path = System/Library/Frameworks/CoreGraphics.framework; sourceTree = SDKROOT; };
		2E38A9A719365D8800459FCB /* UIKit.framework */ = {isa = PBXFileReference; lastKnownFileType = wrapper.framework; name = UIKit.framework; path = System/Library/Frameworks/UIKit.framework; sourceTree = SDKROOT; };
		2E38A9AB19365D8800459FCB /* GetOnThatBus-Info.plist */ = {isa = PBXFileReference; lastKnownFileType = text.plist.xml; path = "GetOnThatBus-Info.plist"; sourceTree = "<group>"; };
		2E38A9AD19365D8800459FCB /* en */ = {isa = PBXFileReference; lastKnownFileType = text.plist.strings; name = en; path = en.lproj/InfoPlist.strings; sourceTree = "<group>"; };
		2E38A9AF19365D8800459FCB /* main.m */ = {isa = PBXFileReference; lastKnownFileType = sourcecode.c.objc; path = main.m; sourceTree = "<group>"; };
		2E38A9B119365D8800459FCB /* GetOnThatBus-Prefix.pch */ = {isa = PBXFileReference; lastKnownFileType = sourcecode.c.h; path = "GetOnThatBus-Prefix.pch"; sourceTree = "<group>"; };
		2E38A9B219365D8800459FCB /* AppDelegate.h */ = {isa = PBXFileReference; lastKnownFileType = sourcecode.c.h; path = AppDelegate.h; sourceTree = "<group>"; };
		2E38A9B319365D8800459FCB /* AppDelegate.m */ = {isa = PBXFileReference; lastKnownFileType = sourcecode.c.objc; path = AppDelegate.m; sourceTree = "<group>"; };
		2E38A9B619365D8800459FCB /* Base */ = {isa = PBXFileReference; lastKnownFileType = file.storyboard; name = Base; path = Base.lproj/Main.storyboard; sourceTree = "<group>"; };
		2E38A9B819365D8800459FCB /* ViewController.h */ = {isa = PBXFileReference; lastKnownFileType = sourcecode.c.h; path = ViewController.h; sourceTree = "<group>"; };
		2E38A9B919365D8800459FCB /* ViewController.m */ = {isa = PBXFileReference; lastKnownFileType = sourcecode.c.objc; path = ViewController.m; sourceTree = "<group>"; };
		2E38A9BB19365D8800459FCB /* Images.xcassets */ = {isa = PBXFileReference; lastKnownFileType = folder.assetcatalog; path = Images.xcassets; sourceTree = "<group>"; };
		2E38A9C119365D8800459FCB /* GetOnThatBusTests.xctest */ = {isa = PBXFileReference; explicitFileType = wrapper.cfbundle; includeInIndex = 0; path = GetOnThatBusTests.xctest; sourceTree = BUILT_PRODUCTS_DIR; };
		2E38A9C219365D8800459FCB /* XCTest.framework */ = {isa = PBXFileReference; lastKnownFileType = wrapper.framework; name = XCTest.framework; path = Library/Frameworks/XCTest.framework; sourceTree = DEVELOPER_DIR; };
		2E38A9CA19365D8800459FCB /* GetOnThatBusTests-Info.plist */ = {isa = PBXFileReference; lastKnownFileType = text.plist.xml; path = "GetOnThatBusTests-Info.plist"; sourceTree = "<group>"; };
		2E38A9CC19365D8800459FCB /* en */ = {isa = PBXFileReference; lastKnownFileType = text.plist.strings; name = en; path = en.lproj/InfoPlist.strings; sourceTree = "<group>"; };
		2E38A9CE19365D8800459FCB /* GetOnThatBusTests.m */ = {isa = PBXFileReference; lastKnownFileType = sourcecode.c.objc; path = GetOnThatBusTests.m; sourceTree = "<group>"; };
/* End PBXFileReference section */

/* Begin PBXFrameworksBuildPhase section */
		2E38A99D19365D8800459FCB /* Frameworks */ = {
			isa = PBXFrameworksBuildPhase;
			buildActionMask = 2147483647;
			files = (
				2E38A9A619365D8800459FCB /* CoreGraphics.framework in Frameworks */,
				2E38A9A819365D8800459FCB /* UIKit.framework in Frameworks */,
				2E38A9A419365D8800459FCB /* Foundation.framework in Frameworks */,
			);
			runOnlyForDeploymentPostprocessing = 0;
		};
		2E38A9BE19365D8800459FCB /* Frameworks */ = {
			isa = PBXFrameworksBuildPhase;
			buildActionMask = 2147483647;
			files = (
				2E38A9C319365D8800459FCB /* XCTest.framework in Frameworks */,
				2E38A9C519365D8800459FCB /* UIKit.framework in Frameworks */,
				2E38A9C419365D8800459FCB /* Foundation.framework in Frameworks */,
			);
			runOnlyForDeploymentPostprocessing = 0;
		};
/* End PBXFrameworksBuildPhase section */

/* Begin PBXGroup section */
		2E38A99719365D8800459FCB = {
			isa = PBXGroup;
			children = (
				2E38A9A919365D8800459FCB /* GetOnThatBus */,
				2E38A9C819365D8800459FCB /* GetOnThatBusTests */,
				2E38A9A219365D8800459FCB /* Frameworks */,
				2E38A9A119365D8800459FCB /* Products */,
			);
			sourceTree = "<group>";
		};
		2E38A9A119365D8800459FCB /* Products */ = {
			isa = PBXGroup;
			children = (
				2E38A9A019365D8800459FCB /* GetOnThatBus.app */,
				2E38A9C119365D8800459FCB /* GetOnThatBusTests.xctest */,
			);
			name = Products;
			sourceTree = "<group>";
		};
		2E38A9A219365D8800459FCB /* Frameworks */ = {
			isa = PBXGroup;
			children = (
				2E38A9A319365D8800459FCB /* Foundation.framework */,
				2E38A9A519365D8800459FCB /* CoreGraphics.framework */,
				2E38A9A719365D8800459FCB /* UIKit.framework */,
				2E38A9C219365D8800459FCB /* XCTest.framework */,
			);
			name = Frameworks;
			sourceTree = "<group>";
		};
		2E38A9A919365D8800459FCB /* GetOnThatBus */ = {
			isa = PBXGroup;
			children = (
				2E38A9B219365D8800459FCB /* AppDelegate.h */,
				2E38A9B319365D8800459FCB /* AppDelegate.m */,
				2E38A9B519365D8800459FCB /* Main.storyboard */,
				2E38A9B819365D8800459FCB /* ViewController.h */,
				2E38A9B919365D8800459FCB /* ViewController.m */,
				2E38A9BB19365D8800459FCB /* Images.xcassets */,
				2E38A9AA19365D8800459FCB /* Supporting Files */,
			);
			path = GetOnThatBus;
			sourceTree = "<group>";
		};
		2E38A9AA19365D8800459FCB /* Supporting Files */ = {
			isa = PBXGroup;
			children = (
				2E38A9AB19365D8800459FCB /* GetOnThatBus-Info.plist */,
				2E38A9AC19365D8800459FCB /* InfoPlist.strings */,
				2E38A9AF19365D8800459FCB /* main.m */,
				2E38A9B119365D8800459FCB /* GetOnThatBus-Prefix.pch */,
			);
			name = "Supporting Files";
			sourceTree = "<group>";
		};
		2E38A9C819365D8800459FCB /* GetOnThatBusTests */ = {
			isa = PBXGroup;
			children = (
				2E38A9CE19365D8800459FCB /* GetOnThatBusTests.m */,
				2E38A9C919365D8800459FCB /* Supporting Files */,
			);
			path = GetOnThatBusTests;
			sourceTree = "<group>";
		};
		2E38A9C919365D8800459FCB /* Supporting Files */ = {
			isa = PBXGroup;
			children = (
				2E38A9CA19365D8800459FCB /* GetOnThatBusTests-Info.plist */,
				2E38A9CB19365D8800459FCB /* InfoPlist.strings */,
			);
			name = "Supporting Files";
			sourceTree = "<group>";
		};
/* End PBXGroup section */

/* Begin PBXNativeTarget section */
		2E38A99F19365D8800459FCB /* GetOnThatBus */ = {
			isa = PBXNativeTarget;
			buildConfigurationList = 2E38A9D219365D8800459FCB /* Build configuration list for PBXNativeTarget "GetOnThatBus" */;
			buildPhases = (
				2E38A99C19365D8800459FCB /* Sources */,
				2E38A99D19365D8800459FCB /* Frameworks */,
				2E38A99E19365D8800459FCB /* Resources */,
			);
			buildRules = (
			);
			dependencies = (
			);
			name = GetOnThatBus;
			productName = GetOnThatBus;
			productReference = 2E38A9A019365D8800459FCB /* GetOnThatBus.app */;
			productType = "com.apple.product-type.application";
		};
		2E38A9C019365D8800459FCB /* GetOnThatBusTests */ = {
			isa = PBXNativeTarget;
			buildConfigurationList = 2E38A9D519365D8800459FCB /* Build configuration list for PBXNativeTarget "GetOnThatBusTests" */;
			buildPhases = (
				2E38A9BD19365D8800459FCB /* Sources */,
				2E38A9BE19365D8800459FCB /* Frameworks */,
				2E38A9BF19365D8800459FCB /* Resources */,
			);
			buildRules = (
			);
			dependencies = (
				2E38A9C719365D8800459FCB /* PBXTargetDependency */,
			);
			name = GetOnThatBusTests;
			productName = GetOnThatBusTests;
			productReference = 2E38A9C119365D8800459FCB /* GetOnThatBusTests.xctest */;
			productType = "com.apple.product-type.bundle.unit-test";
		};
/* End PBXNativeTarget section */

/* Begin PBXProject section */
		2E38A99819365D8800459FCB /* Project object */ = {
			isa = PBXProject;
			attributes = {
				LastUpgradeCheck = 0510;
				ORGANIZATIONNAME = "Mobile Makers";
				TargetAttributes = {
					2E38A9C019365D8800459FCB = {
						TestTargetID = 2E38A99F19365D8800459FCB;
					};
				};
			};
			buildConfigurationList = 2E38A99B19365D8800459FCB /* Build configuration list for PBXProject "GetOnThatBus" */;
			compatibilityVersion = "Xcode 3.2";
			developmentRegion = English;
			hasScannedForEncodings = 0;
			knownRegions = (
				en,
				Base,
			);
			mainGroup = 2E38A99719365D8800459FCB;
			productRefGroup = 2E38A9A119365D8800459FCB /* Products */;
			projectDirPath = "";
			projectRoot = "";
			targets = (
				2E38A99F19365D8800459FCB /* GetOnThatBus */,
				2E38A9C019365D8800459FCB /* GetOnThatBusTests */,
			);
		};
/* End PBXProject section */

/* Begin PBXResourcesBuildPhase section */
		2E38A99E19365D8800459FCB /* Resources */ = {
			isa = PBXResourcesBuildPhase;
			buildActionMask = 2147483647;
			files = (
				2E38A9BC19365D8800459FCB /* Images.xcassets in Resources */,
				2E38A9AE19365D8800459FCB /* InfoPlist.strings in Resources */,
				2E38A9B719365D8800459FCB /* Main.storyboard in Resources */,
			);
			runOnlyForDeploymentPostprocessing = 0;
		};
		2E38A9BF19365D8800459FCB /* Resources */ = {
			isa = PBXResourcesBuildPhase;
			buildActionMask = 2147483647;
			files = (
				2E38A9CD19365D8800459FCB /* InfoPlist.strings in Resources */,
			);
			runOnlyForDeploymentPostprocessing = 0;
		};
/* End PBXResourcesBuildPhase section */

/* Begin PBXSourcesBuildPhase section */
		2E38A99C19365D8800459FCB /* Sources */ = {
			isa = PBXSourcesBuildPhase;
			buildActionMask = 2147483647;
			files = (
				2E38A9BA19365D8800459FCB /* ViewController.m in Sources */,
				2E38A9B419365D8800459FCB /* AppDelegate.m in Sources */,
				2E38A9B019365D8800459FCB /* main.m in Sources */,
			);
			runOnlyForDeploymentPostprocessing = 0;
		};
		2E38A9BD19365D8800459FCB /* Sources */ = {
			isa = PBXSourcesBuildPhase;
			buildActionMask = 2147483647;
			files = (
				2E38A9CF19365D8800459FCB /* GetOnThatBusTests.m in Sources */,
			);
			runOnlyForDeploymentPostprocessing = 0;
		};
/* End PBXSourcesBuildPhase section */

/* Begin PBXTargetDependency section */
		2E38A9C719365D8800459FCB /* PBXTargetDependency */ = {
			isa = PBXTargetDependency;
			target = 2E38A99F19365D8800459FCB /* GetOnThatBus */;
			targetProxy = 2E38A9C619365D8800459FCB /* PBXContainerItemProxy */;
		};
/* End PBXTargetDependency section */

/* Begin PBXVariantGroup section */
		2E38A9AC19365D8800459FCB /* InfoPlist.strings */ = {
			isa = PBXVariantGroup;
			children = (
				2E38A9AD19365D8800459FCB /* en */,
			);
			name = InfoPlist.strings;
			sourceTree = "<group>";
		};
		2E38A9B519365D8800459FCB /* Main.storyboard */ = {
			isa = PBXVariantGroup;
			children = (
				2E38A9B619365D8800459FCB /* Base */,
			);
			name = Main.storyboard;
			sourceTree = "<group>";
		};
		2E38A9CB19365D8800459FCB /* InfoPlist.strings */ = {
			isa = PBXVariantGroup;
			children = (
				2E38A9CC19365D8800459FCB /* en */,
			);
			name = InfoPlist.strings;
			sourceTree = "<group>";
		};
/* End PBXVariantGroup section */

/* Begin XCBuildConfiguration section */
		2E38A9D019365D8800459FCB /* Debug */ = {
			isa = XCBuildConfiguration;
			buildSettings = {
				ALWAYS_SEARCH_USER_PATHS = NO;
				CLANG_CXX_LANGUAGE_STANDARD = "gnu++0x";
				CLANG_CXX_LIBRARY = "libc++";
				CLANG_ENABLE_MODULES = YES;
				CLANG_ENABLE_OBJC_ARC = YES;
				CLANG_WARN_BOOL_CONVERSION = YES;
				CLANG_WARN_CONSTANT_CONVERSION = YES;
				CLANG_WARN_DIRECT_OBJC_ISA_USAGE = YES_ERROR;
				CLANG_WARN_EMPTY_BODY = YES;
				CLANG_WARN_ENUM_CONVERSION = YES;
				CLANG_WARN_INT_CONVERSION = YES;
				CLANG_WARN_OBJC_ROOT_CLASS = YES_ERROR;
				CLANG_WARN__DUPLICATE_METHOD_MATCH = YES;
				"CODE_SIGN_IDENTITY[sdk=iphoneos*]" = "iPhone Developer";
				COPY_PHASE_STRIP = NO;
				GCC_C_LANGUAGE_STANDARD = gnu99;
				GCC_DYNAMIC_NO_PIC = NO;
				GCC_OPTIMIZATION_LEVEL = 0;
				GCC_PREPROCESSOR_DEFINITIONS = (
					"DEBUG=1",
					"$(inherited)",
				);
				GCC_SYMBOLS_PRIVATE_EXTERN = NO;
				GCC_WARN_64_TO_32_BIT_CONVERSION = YES;
				GCC_WARN_ABOUT_RETURN_TYPE = YES_ERROR;
				GCC_WARN_UNDECLARED_SELECTOR = YES;
				GCC_WARN_UNINITIALIZED_AUTOS = YES_AGGRESSIVE;
				GCC_WARN_UNUSED_FUNCTION = YES;
				GCC_WARN_UNUSED_VARIABLE = YES;
				IPHONEOS_DEPLOYMENT_TARGET = 7.1;
				ONLY_ACTIVE_ARCH = YES;
				SDKROOT = iphoneos;
			};
			name = Debug;
		};
		2E38A9D119365D8800459FCB /* Release */ = {
			isa = XCBuildConfiguration;
			buildSettings = {
				ALWAYS_SEARCH_USER_PATHS = NO;
				CLANG_CXX_LANGUAGE_STANDARD = "gnu++0x";
				CLANG_CXX_LIBRARY = "libc++";
				CLANG_ENABLE_MODULES = YES;
				CLANG_ENABLE_OBJC_ARC = YES;
				CLANG_WARN_BOOL_CONVERSION = YES;
				CLANG_WARN_CONSTANT_CONVERSION = YES;
				CLANG_WARN_DIRECT_OBJC_ISA_USAGE = YES_ERROR;
				CLANG_WARN_EMPTY_BODY = YES;
				CLANG_WARN_ENUM_CONVERSION = YES;
				CLANG_WARN_INT_CONVERSION = YES;
				CLANG_WARN_OBJC_ROOT_CLASS = YES_ERROR;
				CLANG_WARN__DUPLICATE_METHOD_MATCH = YES;
				"CODE_SIGN_IDENTITY[sdk=iphoneos*]" = "iPhone Developer";
				COPY_PHASE_STRIP = YES;
				ENABLE_NS_ASSERTIONS = NO;
				GCC_C_LANGUAGE_STANDARD = gnu99;
				GCC_WARN_64_TO_32_BIT_CONVERSION = YES;
				GCC_WARN_ABOUT_RETURN_TYPE = YES_ERROR;
				GCC_WARN_UNDECLARED_SELECTOR = YES;
				GCC_WARN_UNINITIALIZED_AUTOS = YES_AGGRESSIVE;
				GCC_WARN_UNUSED_FUNCTION = YES;
				GCC_WARN_UNUSED_VARIABLE = YES;
				IPHONEOS_DEPLOYMENT_TARGET = 7.1;
				SDKROOT = iphoneos;
				VALIDATE_PRODUCT = YES;
			};
			name = Release;
		};
		2E38A9D319365D8800459FCB /* Debug */ = {
			isa = XCBuildConfiguration;
			buildSettings = {
				ASSETCATALOG_COMPILER_APPICON_NAME = AppIcon;
				ASSETCATALOG_COMPILER_LAUNCHIMAGE_NAME = LaunchImage;
				GCC_PRECOMPILE_PREFIX_HEADER = YES;
				GCC_PREFIX_HEADER = "GetOnThatBus/GetOnThatBus-Prefix.pch";
				INFOPLIST_FILE = "GetOnThatBus/GetOnThatBus-Info.plist";
				PRODUCT_NAME = "$(TARGET_NAME)";
				WRAPPER_EXTENSION = app;
			};
			name = Debug;
		};
		2E38A9D419365D8800459FCB /* Release */ = {
			isa = XCBuildConfiguration;
			buildSettings = {
				ASSETCATALOG_COMPILER_APPICON_NAME = AppIcon;
				ASSETCATALOG_COMPILER_LAUNCHIMAGE_NAME = LaunchImage;
				GCC_PRECOMPILE_PREFIX_HEADER = YES;
				GCC_PREFIX_HEADER = "GetOnThatBus/GetOnThatBus-Prefix.pch";
				INFOPLIST_FILE = "GetOnThatBus/GetOnThatBus-Info.plist";
				PRODUCT_NAME = "$(TARGET_NAME)";
				WRAPPER_EXTENSION = app;
			};
			name = Release;
		};
		2E38A9D619365D8800459FCB /* Debug */ = {
			isa = XCBuildConfiguration;
			buildSettings = {
				BUNDLE_LOADER = "$(BUILT_PRODUCTS_DIR)/GetOnThatBus.app/GetOnThatBus";
				FRAMEWORK_SEARCH_PATHS = (
					"$(SDKROOT)/Developer/Library/Frameworks",
					"$(inherited)",
					"$(DEVELOPER_FRAMEWORKS_DIR)",
				);
				GCC_PRECOMPILE_PREFIX_HEADER = YES;
				GCC_PREFIX_HEADER = "GetOnThatBus/GetOnThatBus-Prefix.pch";
				GCC_PREPROCESSOR_DEFINITIONS = (
					"DEBUG=1",
					"$(inherited)",
				);
				INFOPLIST_FILE = "GetOnThatBusTests/GetOnThatBusTests-Info.plist";
				PRODUCT_NAME = "$(TARGET_NAME)";
				TEST_HOST = "$(BUNDLE_LOADER)";
				WRAPPER_EXTENSION = xctest;
			};
			name = Debug;
		};
		2E38A9D719365D8800459FCB /* Release */ = {
			isa = XCBuildConfiguration;
			buildSettings = {
				BUNDLE_LOADER = "$(BUILT_PRODUCTS_DIR)/GetOnThatBus.app/GetOnThatBus";
				FRAMEWORK_SEARCH_PATHS = (
					"$(SDKROOT)/Developer/Library/Frameworks",
					"$(inherited)",
					"$(DEVELOPER_FRAMEWORKS_DIR)",
				);
				GCC_PRECOMPILE_PREFIX_HEADER = YES;
				GCC_PREFIX_HEADER = "GetOnThatBus/GetOnThatBus-Prefix.pch";
				INFOPLIST_FILE = "GetOnThatBusTests/GetOnThatBusTests-Info.plist";
				PRODUCT_NAME = "$(TARGET_NAME)";
				TEST_HOST = "$(BUNDLE_LOADER)";
				WRAPPER_EXTENSION = xctest;
			};
			name = Release;
		};
/* End XCBuildConfiguration section */

/* Begin XCConfigurationList section */
		2E38A99B19365D8800459FCB /* Build configuration list for PBXProject "GetOnThatBus" */ = {
			isa = XCConfigurationList;
			buildConfigurations = (
				2E38A9D019365D8800459FCB /* Debug */,
				2E38A9D119365D8800459FCB /* Release */,
			);
			defaultConfigurationIsVisible = 0;
			defaultConfigurationName = Release;
		};
		2E38A9D219365D8800459FCB /* Build configuration list for PBXNativeTarget "GetOnThatBus" */ = {
			isa = XCConfigurationList;
			buildConfigurations = (
				2E38A9D319365D8800459FCB /* Debug */,
				2E38A9D419365D8800459FCB /* Release */,
			);
			defaultConfigurationIsVisible = 0;
		};
		2E38A9D519365D8800459FCB /* Build configuration list for PBXNativeTarget "GetOnThatBusTests" */ = {
			isa = XCConfigurationList;
			buildConfigurations = (
				2E38A9D619365D8800459FCB /* Debug */,
				2E38A9D719365D8800459FCB /* Release */,
			);
			defaultConfigurationIsVisible = 0;
		};
/* End XCConfigurationList section */
	};
	rootObject = 2E38A99819365D8800459FCB /* Project object */;
}
